
Microsoft Visual Studio Solution File, Format Version 12.00
# Visual Studio 15
VisualStudioVersion = 15.0.28307.489
MinimumVisualStudioVersion = 10.0.40219.1
Project("{FAE04EC0-301F-11D3-BF4B-00C04F79EFBC}") = "ConsoleApp", "ConsoleApp.csproj", "{8EAEADA6-4144-40DD-918A-B16BB411D3EA}"
EndProject
Project("{FAE04EC0-301F-11D3-BF4B-00C04F79EFBC}") = "ShopSystem", "..\ShopSystem\ShopSystem.csproj", "{5D8D30EE-1EAC-481F-9737-4F9DB46AC9A5}"
EndProject
Global
	GlobalSection(SolutionConfigurationPlatforms) = preSolution
		Debug|Any CPU = Debug|Any CPU
		Release|Any CPU = Release|Any CPU
	EndGlobalSection
	GlobalSection(ProjectConfigurationPlatforms) = postSolution
		{8EAEADA6-4144-40DD-918A-B16BB411D3EA}.Debug|Any CPU.ActiveCfg = Debug|Any CPU
		{8EAEADA6-4144-40DD-918A-B16BB411D3EA}.Debug|Any CPU.Build.0 = Debug|Any CPU
		{8EAEADA6-4144-40DD-918A-B16BB411D3EA}.Release|Any CPU.ActiveCfg = Release|Any CPU
		{8EAEADA6-4144-40DD-918A-B16BB411D3EA}.Release|Any CPU.Build.0 = Release|Any CPU
		{5D8D30EE-1EAC-481F-9737-4F9DB46AC9A5}.Debug|Any CPU.ActiveCfg = Debug|Any CPU
		{5D8D30EE-1EAC-481F-9737-4F9DB46AC9A5}.Debug|Any CPU.Build.0 = Debug|Any CPU
		{5D8D30EE-1EAC-481F-9737-4F9DB46AC9A5}.Release|Any CPU.ActiveCfg = Release|Any CPU
		{5D8D30EE-1EAC-481F-9737-4F9DB46AC9A5}.Release|Any CPU.Build.0 = Release|Any CPU
	EndGlobalSection
	GlobalSection(SolutionProperties) = preSolution
		HideSolutionNode = FALSE
	EndGlobalSection
	GlobalSection(ExtensibilityGlobals) = postSolution
		SolutionGuid = {16249265-A75B-4BCC-89D6-F71E4E30E7EE}
	EndGlobalSection
EndGlobal
